
Microsoft Visual Studio Solution File, Format Version 12.00
# Visual Studio Version 17
VisualStudioVersion = 17.8.34330.188
MinimumVisualStudioVersion = 10.0.40219.1
Project("{9A19103F-16F7-4668-BE54-9A1E7A4F7556}") = "Singleton", "Singleton\Singleton\Singleton.csproj", "{3A2F205B-D0DA-493F-83D9-36E2CD085722}"
EndProject
Project("{2150E333-8FDC-42A3-9474-1A3956D46DE8}") = "Solution Items", "Solution Items", "{A7CA128A-C707-43C4-9A26-0689AD0D9C05}"
	ProjectSection(SolutionItems) = preProject
		.gitattributes = .gitattributes
		.gitignore = .gitignore
		Notes.txt = Notes.txt
		README.md = README.md
	EndProjectSection
EndProject
Project("{9A19103F-16F7-4668-BE54-9A1E7A4F7556}") = "Factory", "Factory\Factory.csproj", "{B5910C55-D1E3-45D4-82A5-99677E8FCF10}"
EndProject
Project("{9A19103F-16F7-4668-BE54-9A1E7A4F7556}") = "AbstractFactory", "AbstractFactory\AbstractFactory.csproj", "{A39C1BCB-4D07-4E1B-BCC7-08AAA010EA7B}"
EndProject
Project("{FAE04EC0-301F-11D3-BF4B-00C04F79EFBC}") = "Core Web API", "Core Web API\Core Web API.csproj", "{AC8C062C-E498-4259-AF39-F97F0D4CA21B}"
EndProject
Global
	GlobalSection(SolutionConfigurationPlatforms) = preSolution
		Debug|Any CPU = Debug|Any CPU
		Release|Any CPU = Release|Any CPU
	EndGlobalSection
	GlobalSection(ProjectConfigurationPlatforms) = postSolution
		{3A2F205B-D0DA-493F-83D9-36E2CD085722}.Debug|Any CPU.ActiveCfg = Debug|Any CPU
		{3A2F205B-D0DA-493F-83D9-36E2CD085722}.Debug|Any CPU.Build.0 = Debug|Any CPU
		{3A2F205B-D0DA-493F-83D9-36E2CD085722}.Release|Any CPU.ActiveCfg = Release|Any CPU
		{3A2F205B-D0DA-493F-83D9-36E2CD085722}.Release|Any CPU.Build.0 = Release|Any CPU
		{B5910C55-D1E3-45D4-82A5-99677E8FCF10}.Debug|Any CPU.ActiveCfg = Debug|Any CPU
		{B5910C55-D1E3-45D4-82A5-99677E8FCF10}.Debug|Any CPU.Build.0 = Debug|Any CPU
		{B5910C55-D1E3-45D4-82A5-99677E8FCF10}.Release|Any CPU.ActiveCfg = Release|Any CPU
		{B5910C55-D1E3-45D4-82A5-99677E8FCF10}.Release|Any CPU.Build.0 = Release|Any CPU
		{A39C1BCB-4D07-4E1B-BCC7-08AAA010EA7B}.Debug|Any CPU.ActiveCfg = Debug|Any CPU
		{A39C1BCB-4D07-4E1B-BCC7-08AAA010EA7B}.Debug|Any CPU.Build.0 = Debug|Any CPU
		{A39C1BCB-4D07-4E1B-BCC7-08AAA010EA7B}.Release|Any CPU.ActiveCfg = Release|Any CPU
		{A39C1BCB-4D07-4E1B-BCC7-08AAA010EA7B}.Release|Any CPU.Build.0 = Release|Any CPU
		{AC8C062C-E498-4259-AF39-F97F0D4CA21B}.Debug|Any CPU.ActiveCfg = Debug|Any CPU
		{AC8C062C-E498-4259-AF39-F97F0D4CA21B}.Debug|Any CPU.Build.0 = Debug|Any CPU
		{AC8C062C-E498-4259-AF39-F97F0D4CA21B}.Release|Any CPU.ActiveCfg = Release|Any CPU
		{AC8C062C-E498-4259-AF39-F97F0D4CA21B}.Release|Any CPU.Build.0 = Release|Any CPU
	EndGlobalSection
	GlobalSection(SolutionProperties) = preSolution
		HideSolutionNode = FALSE
	EndGlobalSection
	GlobalSection(ExtensibilityGlobals) = postSolution
		SolutionGuid = {99DE8055-658A-4254-A9B4-D8DDA6B1E48F}
	EndGlobalSection
EndGlobal
